
Microsoft Visual Studio Solution File, Format Version 12.00
# Visual Studio Version 16
VisualStudioVersion = 16.0.31515.178
MinimumVisualStudioVersion = 10.0.40219.1
Project("{FAE04EC0-301F-11D3-BF4B-00C04F79EFBC}") = "BulkProps", "BulkProps\BulkProps.csproj", "{B7FEF71E-68FD-4712-BF92-AFA225A1B6AA}"
EndProject
Global
	GlobalSection(SolutionConfigurationPlatforms) = preSolution
		Debug|Any CPU = Debug|Any CPU
		Release|Any CPU = Release|Any CPU
	EndGlobalSection
	GlobalSection(SolutionProperties) = preSolution
		HideSolutionNode = FALSE
	EndGlobalSection
	GlobalSection(ProjectConfigurationPlatforms) = postSolution
		{B7FEF71E-68FD-4712-BF92-AFA225A1B6AA}.Debug|Any CPU.ActiveCfg = Debug|Any CPU
		{B7FEF71E-68FD-4712-BF92-AFA225A1B6AA}.Debug|Any CPU.Build.0 = Debug|Any CPU
		{B7FEF71E-68FD-4712-BF92-AFA225A1B6AA}.Release|Any CPU.ActiveCfg = Release|Any CPU
		{B7FEF71E-68FD-4712-BF92-AFA225A1B6AA}.Release|Any CPU.Build.0 = Release|Any CPU
	EndGlobalSection
EndGlobal
